
Microsoft Visual Studio Solution File, Format Version 12.00
# Visual Studio Version 17
VisualStudioVersion = 17.5.33516.290
MinimumVisualStudioVersion = 10.0.40219.1
Project("{9A19103F-16F7-4668-BE54-9A1E7A4F7556}") = "MockFood", "MockFood\MockFood.csproj", "{EC134B7F-3F05-49F2-B175-85F8FFB44CE6}"
EndProject
Global
	GlobalSection(SolutionConfigurationPlatforms) = preSolution
		Debug|Any CPU = Debug|Any CPU
		Release|Any CPU = Release|Any CPU
	EndGlobalSection
	GlobalSection(ProjectConfigurationPlatforms) = postSolution
		{EC134B7F-3F05-49F2-B175-85F8FFB44CE6}.Debug|Any CPU.ActiveCfg = Debug|Any CPU
		{EC134B7F-3F05-49F2-B175-85F8FFB44CE6}.Debug|Any CPU.Build.0 = Debug|Any CPU
		{EC134B7F-3F05-49F2-B175-85F8FFB44CE6}.Release|Any CPU.ActiveCfg = Release|Any CPU
		{EC134B7F-3F05-49F2-B175-85F8FFB44CE6}.Release|Any CPU.Build.0 = Release|Any CPU
	EndGlobalSection
	GlobalSection(SolutionProperties) = preSolution
		HideSolutionNode = FALSE
	EndGlobalSection
	GlobalSection(ExtensibilityGlobals) = postSolution
		SolutionGuid = {7031BF85-77F4-4DFF-953F-D6D6BD321995}
	EndGlobalSection
EndGlobal
